
Microsoft Visual Studio Solution File, Format Version 12.00
# Visual Studio 2015
Project("{FAE04EC0-301F-11D3-BF4B-00C04F79EFBC}") = "JuegoColab", "JuegoColab.csproj", "{ECBE9DB8-84E8-D880-3A31-F12F2213900A}"
EndProject
Project("{FAE04EC0-301F-11D3-BF4B-00C04F79EFBC}") = "JuegoColab.Editor", "JuegoColab.Editor.csproj", "{45FB8991-6C35-B894-1344-9498CA929109}"
EndProject
Global
	GlobalSection(SolutionConfigurationPlatforms) = preSolution
		Debug|Any CPU = Debug|Any CPU
		Release|Any CPU = Release|Any CPU
	EndGlobalSection
	GlobalSection(ProjectConfigurationPlatforms) = postSolution
		{ECBE9DB8-84E8-D880-3A31-F12F2213900A}.Debug|Any CPU.ActiveCfg = Debug|Any CPU
		{ECBE9DB8-84E8-D880-3A31-F12F2213900A}.Debug|Any CPU.Build.0 = Debug|Any CPU
		{ECBE9DB8-84E8-D880-3A31-F12F2213900A}.Release|Any CPU.ActiveCfg = Release|Any CPU
		{ECBE9DB8-84E8-D880-3A31-F12F2213900A}.Release|Any CPU.Build.0 = Release|Any CPU
		{45FB8991-6C35-B894-1344-9498CA929109}.Debug|Any CPU.ActiveCfg = Debug|Any CPU
		{45FB8991-6C35-B894-1344-9498CA929109}.Debug|Any CPU.Build.0 = Debug|Any CPU
		{45FB8991-6C35-B894-1344-9498CA929109}.Release|Any CPU.ActiveCfg = Release|Any CPU
		{45FB8991-6C35-B894-1344-9498CA929109}.Release|Any CPU.Build.0 = Release|Any CPU
	EndGlobalSection
	GlobalSection(SolutionProperties) = preSolution
		HideSolutionNode = FALSE
	EndGlobalSection
EndGlobal
